
Microsoft Visual Studio Solution File, Format Version 12.00
# Visual Studio Version 17
VisualStudioVersion = 17.7.34202.233
MinimumVisualStudioVersion = 10.0.40219.1
Project("{FAE04EC0-301F-11D3-BF4B-00C04F79EFBC}") = "ConsoleApp14", "ConsoleApp14\ConsoleApp14.csproj", "{A9B16FFD-EE7C-452A-B686-6128B223795E}"
EndProject
Global
	GlobalSection(SolutionConfigurationPlatforms) = preSolution
		Debug|Any CPU = Debug|Any CPU
		Release|Any CPU = Release|Any CPU
	EndGlobalSection
	GlobalSection(ProjectConfigurationPlatforms) = postSolution
		{A9B16FFD-EE7C-452A-B686-6128B223795E}.Debug|Any CPU.ActiveCfg = Debug|Any CPU
		{A9B16FFD-EE7C-452A-B686-6128B223795E}.Debug|Any CPU.Build.0 = Debug|Any CPU
		{A9B16FFD-EE7C-452A-B686-6128B223795E}.Release|Any CPU.ActiveCfg = Release|Any CPU
		{A9B16FFD-EE7C-452A-B686-6128B223795E}.Release|Any CPU.Build.0 = Release|Any CPU
	EndGlobalSection
	GlobalSection(SolutionProperties) = preSolution
		HideSolutionNode = FALSE
	EndGlobalSection
	GlobalSection(ExtensibilityGlobals) = postSolution
		SolutionGuid = {B0102B53-F323-43E6-AE10-6F83EFAE41E1}
	EndGlobalSection
EndGlobal
